
Microsoft Visual Studio Solution File, Format Version 12.00
# Visual Studio Version 17
VisualStudioVersion = 17.4.33213.308
MinimumVisualStudioVersion = 10.0.40219.1
Project("{FAE04EC0-301F-11D3-BF4B-00C04F79EFBC}") = "ProgressBar", "ProgressBar\ProgressBar.csproj", "{26FEC3C9-C4DA-4298-B93D-77163BCB26EA}"
EndProject
Global
	GlobalSection(SolutionConfigurationPlatforms) = preSolution
		Debug|Any CPU = Debug|Any CPU
		Release|Any CPU = Release|Any CPU
	EndGlobalSection
	GlobalSection(ProjectConfigurationPlatforms) = postSolution
		{26FEC3C9-C4DA-4298-B93D-77163BCB26EA}.Debug|Any CPU.ActiveCfg = Debug|Any CPU
		{26FEC3C9-C4DA-4298-B93D-77163BCB26EA}.Debug|Any CPU.Build.0 = Debug|Any CPU
		{26FEC3C9-C4DA-4298-B93D-77163BCB26EA}.Release|Any CPU.ActiveCfg = Release|Any CPU
		{26FEC3C9-C4DA-4298-B93D-77163BCB26EA}.Release|Any CPU.Build.0 = Release|Any CPU
	EndGlobalSection
	GlobalSection(SolutionProperties) = preSolution
		HideSolutionNode = FALSE
	EndGlobalSection
	GlobalSection(ExtensibilityGlobals) = postSolution
		SolutionGuid = {B74577AF-00FE-42E7-900E-F02D9992AAC3}
	EndGlobalSection
EndGlobal
